
Microsoft Visual Studio Solution File, Format Version 12.00
# Visual Studio Version 17
VisualStudioVersion = 17.8.34316.72
MinimumVisualStudioVersion = 10.0.40219.1
Project("{FAE04EC0-301F-11D3-BF4B-00C04F79EFBC}") = "AccessCompanionApi", "AccessCompanionApi\AccessCompanionApi.csproj", "{7A1D8EB0-AB61-4BD6-8C09-C8DCF068ADC5}"
EndProject
Project("{FAE04EC0-301F-11D3-BF4B-00C04F79EFBC}") = "AccessCompanionApi.Test", "AccessCompanionApi.Test\AccessCompanionApi.Test.csproj", "{FF1CF34D-4E56-4C19-8767-EFD5D7D64F8D}"
EndProject
Global
	GlobalSection(SolutionConfigurationPlatforms) = preSolution
		Debug|Any CPU = Debug|Any CPU
		Release|Any CPU = Release|Any CPU
	EndGlobalSection
	GlobalSection(ProjectConfigurationPlatforms) = postSolution
		{7A1D8EB0-AB61-4BD6-8C09-C8DCF068ADC5}.Debug|Any CPU.ActiveCfg = Debug|Any CPU
		{7A1D8EB0-AB61-4BD6-8C09-C8DCF068ADC5}.Debug|Any CPU.Build.0 = Debug|Any CPU
		{7A1D8EB0-AB61-4BD6-8C09-C8DCF068ADC5}.Release|Any CPU.ActiveCfg = Release|Any CPU
		{7A1D8EB0-AB61-4BD6-8C09-C8DCF068ADC5}.Release|Any CPU.Build.0 = Release|Any CPU
		{FF1CF34D-4E56-4C19-8767-EFD5D7D64F8D}.Debug|Any CPU.ActiveCfg = Debug|Any CPU
		{FF1CF34D-4E56-4C19-8767-EFD5D7D64F8D}.Debug|Any CPU.Build.0 = Debug|Any CPU
		{FF1CF34D-4E56-4C19-8767-EFD5D7D64F8D}.Release|Any CPU.ActiveCfg = Release|Any CPU
		{FF1CF34D-4E56-4C19-8767-EFD5D7D64F8D}.Release|Any CPU.Build.0 = Release|Any CPU
	EndGlobalSection
	GlobalSection(SolutionProperties) = preSolution
		HideSolutionNode = FALSE
	EndGlobalSection
	GlobalSection(ExtensibilityGlobals) = postSolution
		SolutionGuid = {4DFD23A4-EE72-408A-B529-E83C2677F245}
	EndGlobalSection
EndGlobal
